{"1.1.0",
[{<<"antidote_crdt">>,{pkg,<<"antidote_crdt">>,<<"0.1.2">>},0},
 {<<"vectorclock">>,{pkg,<<"vectorclock">>,<<"0.2.0">>},0}]}.
[
{pkg_hash,[
 {<<"antidote_crdt">>, <<"A92A5ED8918D87AD22557825743C6EAC69DD6089D536E1BF5F9AC80992FA97F8">>},
 {<<"vectorclock">>, <<"6C4A9D44895F51BB99910DBE31FC691BF05FA6B2BF84986F6E3BDE4BD18F6CBA">>}]}
].
